
Microsoft Visual Studio Solution File, Format Version 11.00
# Visual Studio 2010
Project("{FAE04EC0-301F-11D3-BF4B-00C04F79EFBC}") = "MovingFeaturesBetweenObjects", "MovingFeaturesBetweenObjects\MovingFeaturesBetweenObjects.csproj", "{042EC426-ED72-4F40-BAB5-17F1BF180921}"
EndProject
Project("{FAE04EC0-301F-11D3-BF4B-00C04F79EFBC}") = "MovingFeaturesBetweenObjectsFacts", "MovingFeaturesBetweenObjectsFact\MovingFeaturesBetweenObjectsFacts.csproj", "{D5776658-C8AB-4156-B566-7E8D8DDE7EF4}"
EndProject
Global
	GlobalSection(SolutionConfigurationPlatforms) = preSolution
		Debug|Any CPU = Debug|Any CPU
		Release|Any CPU = Release|Any CPU
	EndGlobalSection
	GlobalSection(ProjectConfigurationPlatforms) = postSolution
		{042EC426-ED72-4F40-BAB5-17F1BF180921}.Debug|Any CPU.ActiveCfg = Debug|Any CPU
		{042EC426-ED72-4F40-BAB5-17F1BF180921}.Debug|Any CPU.Build.0 = Debug|Any CPU
		{042EC426-ED72-4F40-BAB5-17F1BF180921}.Release|Any CPU.ActiveCfg = Release|Any CPU
		{042EC426-ED72-4F40-BAB5-17F1BF180921}.Release|Any CPU.Build.0 = Release|Any CPU
		{D5776658-C8AB-4156-B566-7E8D8DDE7EF4}.Debug|Any CPU.ActiveCfg = Debug|Any CPU
		{D5776658-C8AB-4156-B566-7E8D8DDE7EF4}.Debug|Any CPU.Build.0 = Debug|Any CPU
		{D5776658-C8AB-4156-B566-7E8D8DDE7EF4}.Release|Any CPU.ActiveCfg = Release|Any CPU
		{D5776658-C8AB-4156-B566-7E8D8DDE7EF4}.Release|Any CPU.Build.0 = Release|Any CPU
	EndGlobalSection
	GlobalSection(SolutionProperties) = preSolution
		HideSolutionNode = FALSE
	EndGlobalSection
EndGlobal
